PODS:
  - FlyVerifyCSDK (1.0.13)
  - mob_linksdk_pro (3.3.20):
    - MOBFoundation
  - MOBFoundation (20250902):
    - FlyVerifyCSDK (>= 0.0.7)

DEPENDENCIES:
  - mob_linksdk_pro

SPEC REPOS:
  trunk:
    - FlyVerifyCSDK
    - mob_linksdk_pro
    - MOBFoundation

SPEC CHECKSUMS:
  FlyVerifyCSDK: 7a10dbb6fc369ea3f389fa0bba7e6b8efc320996
  mob_linksdk_pro: d6ac555e9bb8d2743a8634032a70ea1d34119a50
  MOBFoundation: c6bd307e44929a19a4c0c4a2f4b17cc4a12fb12f

PODFILE CHECKSUM: 5d568f30952746e85813c4ff877bc68140002e3a

COCOAPODS: 1.16.2
